// !$*UTF8*$!
{
	archiveVersion = 1;
	classes = {
	};
	objectVersion = 51;
	objects = {

/* Begin PBXBuildFile section */
		BDB10D66EC467DC9206BF890 /* Pods_Login_Firebase_SwiftUI.framework in Frameworks */ = {isa = PBXBuildFile; fileRef = 13818C9F5BBC736F12C98302 /* Pods_Login_Firebase_SwiftUI.framework */; };
		FE88B6F7254673420029AC90 /* AppDelegate.swift in Sources */ = {isa = PBXBuildFile; fileRef = FE88B6F6254673420029AC90 /* AppDelegate.swift */; };
		FE88B6F9254673420029AC90 /* SceneDelegate.swift in Sources */ = {isa = PBXBuildFile; fileRef = FE88B6F8254673420029AC90 /* SceneDelegate.swift */; };
		FE88B6FB254673420029AC90 /* ContentView.swift in Sources */ = {isa = PBXBuildFile; fileRef = FE88B6FA254673420029AC90 /* ContentView.swift */; };
		FE88B6FD254673440029AC90 /* Assets.xcassets in Resources */ = {isa = PBXBuildFile; fileRef = FE88B6FC254673440029AC90 /* Assets.xcassets */; };
		FE88B700254673440029AC90 /* Preview Assets.xcassets in Resources */ = {isa = PBXBuildFile; fileRef = FE88B6FF254673440029AC90 /* Preview Assets.xcassets */; };
		FE88B703254673440029AC90 /* LaunchScreen.storyboard in Resources */ = {isa = PBXBuildFile; fileRef = FE88B701254673440029AC90 /* LaunchScreen.storyboard */; };
		FE88B717254674A20029AC90 /* GoogleService-Info.plist in Resources */ = {isa = PBXBuildFile; fileRef = FE88B716254674A20029AC90 /* GoogleService-Info.plist */; };
		FE88B720254682840029AC90 /* Home.swift in Sources */ = {isa = PBXBuildFile; fileRef = FE88B71F254682840029AC90 /* Home.swift */; };
		FE88B723254683000029AC90 /* Login.swift in Sources */ = {isa = PBXBuildFile; fileRef = FE88B722254683000029AC90 /* Login.swift */; };
		FE88B7262546830B0029AC90 /* SignUp.swift in Sources */ = {isa = PBXBuildFile; fileRef = FE88B7252546830B0029AC90 /* SignUp.swift */; };
		FE88B729254684910029AC90 /* HomeScreen.swift in Sources */ = {isa = PBXBuildFile; fileRef = FE88B728254684910029AC90 /* HomeScreen.swift */; };
		FE88B736254684C40029AC90 /* ErrorView.swift in Sources */ = {isa = PBXBuildFile; fileRef = FE88B735254684C40029AC90 /* ErrorView.swift */; };
/* End PBXBuildFile section */

/* Begin PBXFileReference section */
		13818C9F5BBC736F12C98302 /* Pods_Login_Firebase_SwiftUI.framework */ = {isa = PBXFileReference; explicitFileType = wrapper.framework; includeInIndex = 0; path = Pods_Login_Firebase_SwiftUI.framework; sourceTree = BUILT_PRODUCTS_DIR; };
		342D9DD1E322BF019627A9FA /* Pods-Login-Firebase-SwiftUI.debug.xcconfig */ = {isa = PBXFileReference; includeInIndex = 1; lastKnownFileType = text.xcconfig; name = "Pods-Login-Firebase-SwiftUI.debug.xcconfig"; path = "Target Support Files/Pods-Login-Firebase-SwiftUI/Pods-Login-Firebase-SwiftUI.debug.xcconfig"; sourceTree = "<group>"; };
		76D24810813D41E9F192CAEC /* Pods-Login-Firebase-SwiftUI.release.xcconfig */ = {isa = PBXFileReference; includeInIndex = 1; lastKnownFileType = text.xcconfig; name = "Pods-Login-Firebase-SwiftUI.release.xcconfig"; path = "Target Support Files/Pods-Login-Firebase-SwiftUI/Pods-Login-Firebase-SwiftUI.release.xcconfig"; sourceTree = "<group>"; };
		FE88B6F3254673420029AC90 /* Login-Firebase-SwiftUI.app */ = {isa = PBXFileReference; explicitFileType = wrapper.application; includeInIndex = 0; path = "Login-Firebase-SwiftUI.app"; sourceTree = BUILT_PRODUCTS_DIR; };
		FE88B6F6254673420029AC90 /* AppDelegate.swift */ = {isa = PBXFileReference; lastKnownFileType = sourcecode.swift; path = AppDelegate.swift; sourceTree = "<group>"; };
		FE88B6F8254673420029AC90 /* SceneDelegate.swift */ = {isa = PBXFileReference; lastKnownFileType = sourcecode.swift; path = SceneDelegate.swift; sourceTree = "<group>"; };
		FE88B6FA254673420029AC90 /* ContentView.swift */ = {isa = PBXFileReference; lastKnownFileType = sourcecode.swift; path = ContentView.swift; sourceTree = "<group>"; };
		FE88B6FC254673440029AC90 /* Assets.xcassets */ = {isa = PBXFileReference; lastKnownFileType = folder.assetcatalog; path = Assets.xcassets; sourceTree = "<group>"; };
		FE88B6FF254673440029AC90 /* Preview Assets.xcassets */ = {isa = PBXFileReference; lastKnownFileType = folder.assetcatalog; path = "Preview Assets.xcassets"; sourceTree = "<group>"; };
		FE88B702254673440029AC90 /* Base */ = {isa = PBXFileReference; lastKnownFileType = file.storyboard; name = Base; path = Base.lproj/LaunchScreen.storyboard; sourceTree = "<group>"; };
		FE88B704254673440029AC90 /* Info.plist */ = {isa = PBXFileReference; lastKnownFileType = text.plist.xml; path = Info.plist; sourceTree = "<group>"; };
		FE88B716254674A20029AC90 /* GoogleService-Info.plist */ = {isa = PBXFileReference; fileEncoding = 4; lastKnownFileType = text.plist.xml; path = "GoogleService-Info.plist"; sourceTree = "<group>"; };
		FE88B71F254682840029AC90 /* Home.swift */ = {isa = PBXFileReference; lastKnownFileType = sourcecode.swift; path = Home.swift; sourceTree = "<group>"; };
		FE88B722254683000029AC90 /* Login.swift */ = {isa = PBXFileReference; lastKnownFileType = sourcecode.swift; path = Login.swift; sourceTree = "<group>"; };
		FE88B7252546830B0029AC90 /* SignUp.swift */ = {isa = PBXFileReference; lastKnownFileType = sourcecode.swift; path = SignUp.swift; sourceTree = "<group>"; };
		FE88B728254684910029AC90 /* HomeScreen.swift */ = {isa = PBXFileReference; lastKnownFileType = sourcecode.swift; path = HomeScreen.swift; sourceTree = "<group>"; };
		FE88B735254684C40029AC90 /* ErrorView.swift */ = {isa = PBXFileReference; lastKnownFileType = sourcecode.swift; path = ErrorView.swift; sourceTree = "<group>"; };
/* End PBXFileReference section */

/* Begin PBXFrameworksBuildPhase section */
		FE88B6F0254673420029AC90 /* Frameworks */ = {
			isa = PBXFrameworksBuildPhase;
			buildActionMask = 2147483647;
			files = (
				BDB10D66EC467DC9206BF890 /* Pods_Login_Firebase_SwiftUI.framework in Frameworks */,
			);
			runOnlyForDeploymentPostprocessing = 0;
		};
/* End PBXFrameworksBuildPhase section */

/* Begin PBXGroup section */
		20ABB8BD638E1711E87AA7FB /* Frameworks */ = {
			isa = PBXGroup;
			children = (
				13818C9F5BBC736F12C98302 /* Pods_Login_Firebase_SwiftUI.framework */,
			);
			name = Frameworks;
			sourceTree = "<group>";
		};
		246D7E2BE2CF87AACD1C92F6 /* Pods */ = {
			isa = PBXGroup;
			children = (
				342D9DD1E322BF019627A9FA /* Pods-Login-Firebase-SwiftUI.debug.xcconfig */,
				76D24810813D41E9F192CAEC /* Pods-Login-Firebase-SwiftUI.release.xcconfig */,
			);
			path = Pods;
			sourceTree = "<group>";
		};
		FE88B6EA254673420029AC90 = {
			isa = PBXGroup;
			children = (
				FE88B6F5254673420029AC90 /* Login-Firebase-SwiftUI */,
				FE88B6F4254673420029AC90 /* Products */,
				246D7E2BE2CF87AACD1C92F6 /* Pods */,
				20ABB8BD638E1711E87AA7FB /* Frameworks */,
			);
			sourceTree = "<group>";
		};
		FE88B6F4254673420029AC90 /* Products */ = {
			isa = PBXGroup;
			children = (
				FE88B6F3254673420029AC90 /* Login-Firebase-SwiftUI.app */,
			);
			name = Products;
			sourceTree = "<group>";
		};
		FE88B6F5254673420029AC90 /* Login-Firebase-SwiftUI */ = {
			isa = PBXGroup;
			children = (
				FE88B716254674A20029AC90 /* GoogleService-Info.plist */,
				FE88B704254673440029AC90 /* Info.plist */,
				FE88B701254673440029AC90 /* LaunchScreen.storyboard */,
				FE88B6FC254673440029AC90 /* Assets.xcassets */,
				FE88B6F6254673420029AC90 /* AppDelegate.swift */,
				FE88B6F8254673420029AC90 /* SceneDelegate.swift */,
				FE88B7192546824E0029AC90 /* Screens */,
				FE88B6FA254673420029AC90 /* ContentView.swift */,
				FE88B6FE254673440029AC90 /* Preview Content */,
			);
			path = "Login-Firebase-SwiftUI";
			sourceTree = "<group>";
		};
		FE88B6FE254673440029AC90 /* Preview Content */ = {
			isa = PBXGroup;
			children = (
				FE88B6FF254673440029AC90 /* Preview Assets.xcassets */,
			);
			path = "Preview Content";
			sourceTree = "<group>";
		};
		FE88B7192546824E0029AC90 /* Screens */ = {
			isa = PBXGroup;
			children = (
				FE88B71F254682840029AC90 /* Home.swift */,
				FE88B722254683000029AC90 /* Login.swift */,
				FE88B7252546830B0029AC90 /* SignUp.swift */,
				FE88B728254684910029AC90 /* HomeScreen.swift */,
				FE88B735254684C40029AC90 /* ErrorView.swift */,
			);
			path = Screens;
			sourceTree = "<group>";
		};
/* End PBXGroup section */

/* Begin PBXNativeTarget section */
		FE88B6F2254673420029AC90 /* Login-Firebase-SwiftUI */ = {
			isa = PBXNativeTarget;
			buildConfigurationList = FE88B707254673440029AC90 /* Build configuration list for PBXNativeTarget "Login-Firebase-SwiftUI" */;
			buildPhases = (
				2355B52E642D62662DD15B80 /* [CP] Check Pods Manifest.lock */,
				FE88B6EF254673420029AC90 /* Sources */,
				FE88B6F0254673420029AC90 /* Frameworks */,
				FE88B6F1254673420029AC90 /* Resources */,
				A8783919D9B0801D58FD8A81 /* [CP] Embed Pods Frameworks */,
			);
			buildRules = (
			);
			dependencies = (
			);
			name = "Login-Firebase-SwiftUI";
			productName = "Login-Firebase-SwiftUI";
			productReference = FE88B6F3254673420029AC90 /* Login-Firebase-SwiftUI.app */;
			productType = "com.apple.product-type.application";
		};
/* End PBXNativeTarget section */

/* Begin PBXProject section */
		FE88B6EB254673420029AC90 /* Project object */ = {
			isa = PBXProject;
			attributes = {
				LastSwiftUpdateCheck = 1210;
				LastUpgradeCheck = 1210;
				TargetAttributes = {
					FE88B6F2254673420029AC90 = {
						CreatedOnToolsVersion = 12.1;
					};
				};
			};
			buildConfigurationList = FE88B6EE254673420029AC90 /* Build configuration list for PBXProject "Login-Firebase-SwiftUI" */;
			compatibilityVersion = "Xcode 9.3";
			developmentRegion = en;
			hasScannedForEncodings = 0;
			knownRegions = (
				en,
				Base,
			);
			mainGroup = FE88B6EA254673420029AC90;
			productRefGroup = FE88B6F4254673420029AC90 /* Products */;
			projectDirPath = "";
			projectRoot = "";
			targets = (
				FE88B6F2254673420029AC90 /* Login-Firebase-SwiftUI */,
			);
		};
/* End PBXProject section */

/* Begin PBXResourcesBuildPhase section */
		FE88B6F1254673420029AC90 /* Resources */ = {
			isa = PBXResourcesBuildPhase;
			buildActionMask = 2147483647;
			files = (
				FE88B703254673440029AC90 /* LaunchScreen.storyboard in Resources */,
				FE88B717254674A20029AC90 /* GoogleService-Info.plist in Resources */,
				FE88B700254673440029AC90 /* Preview Assets.xcassets in Resources */,
				FE88B6FD254673440029AC90 /* Assets.xcassets in Resources */,
			);
			runOnlyForDeploymentPostprocessing = 0;
		};
/* End PBXResourcesBuildPhase section */

/* Begin PBXShellScriptBuildPhase section */
		2355B52E642D62662DD15B80 /* [CP] Check Pods Manifest.lock */ = {
			isa = PBXShellScriptBuildPhase;
			buildActionMask = 2147483647;
			files = (
			);
			inputFileListPaths = (
			);
			inputPaths = (
				"${PODS_PODFILE_DIR_PATH}/Podfile.lock",
				"${PODS_ROOT}/Manifest.lock",
			);
			name = "[CP] Check Pods Manifest.lock";
			outputFileListPaths = (
			);
			outputPaths = (
				"$(DERIVED_FILE_DIR)/Pods-Login-Firebase-SwiftUI-checkManifestLockResult.txt",
			);
			runOnlyForDeploymentPostprocessing = 0;
			shellPath = /bin/sh;
			shellScript = "diff \"${PODS_PODFILE_DIR_PATH}/Podfile.lock\" \"${PODS_ROOT}/Manifest.lock\" > /dev/null\nif [ $? != 0 ] ; then\n    # print error to STDERR\n    echo \"error: The sandbox is not in sync with the Podfile.lock. Run 'pod install' or update your CocoaPods installation.\" >&2\n    exit 1\nfi\n# This output is used by Xcode 'outputs' to avoid re-running this script phase.\necho \"SUCCESS\" > \"${SCRIPT_OUTPUT_FILE_0}\"\n";
			showEnvVarsInLog = 0;
		};
		A8783919D9B0801D58FD8A81 /* [CP] Embed Pods Frameworks */ = {
			isa = PBXShellScriptBuildPhase;
			buildActionMask = 2147483647;
			files = (
			);
			inputFileListPaths = (
				"${PODS_ROOT}/Target Support Files/Pods-Login-Firebase-SwiftUI/Pods-Login-Firebase-SwiftUI-frameworks-${CONFIGURATION}-input-files.xcfilelist",
			);
			name = "[CP] Embed Pods Frameworks";
			outputFileListPaths = (
				"${PODS_ROOT}/Target Support Files/Pods-Login-Firebase-SwiftUI/Pods-Login-Firebase-SwiftUI-frameworks-${CONFIGURATION}-output-files.xcfilelist",
			);
			runOnlyForDeploymentPostprocessing = 0;
			shellPath = /bin/sh;
			shellScript = "\"${PODS_ROOT}/Target Support Files/Pods-Login-Firebase-SwiftUI/Pods-Login-Firebase-SwiftUI-frameworks.sh\"\n";
			showEnvVarsInLog = 0;
		};
/* End PBXShellScriptBuildPhase section */

/* Begin PBXSourcesBuildPhase section */
		FE88B6EF254673420029AC90 /* Sources */ = {
			isa = PBXSourcesBuildPhase;
			buildActionMask = 2147483647;
			files = (
				FE88B6F7254673420029AC90 /* AppDelegate.swift in Sources */,
				FE88B7262546830B0029AC90 /* SignUp.swift in Sources */,
				FE88B729254684910029AC90 /* HomeScreen.swift in Sources */,
				FE88B723254683000029AC90 /* Login.swift in Sources */,
				FE88B6F9254673420029AC90 /* SceneDelegate.swift in Sources */,
				FE88B720254682840029AC90 /* Home.swift in Sources */,
				FE88B6FB254673420029AC90 /* ContentView.swift in Sources */,
				FE88B736254684C40029AC90 /* ErrorView.swift in Sources */,
			);
			runOnlyForDeploymentPostprocessing = 0;
		};
/* End PBXSourcesBuildPhase section */

/* Begin PBXVariantGroup section */
		FE88B701254673440029AC90 /* LaunchScreen.storyboard */ = {
			isa = PBXVariantGroup;
			children = (
				FE88B702254673440029AC90 /* Base */,
			);
			name = LaunchScreen.storyboard;
			sourceTree = "<group>";
		};
/* End PBXVariantGroup section */

/* Begin XCBuildConfiguration section */
		FE88B705254673440029AC90 /* Debug */ = {
			isa = XCBuildConfiguration;
			buildSettings = {
				ALWAYS_SEARCH_USER_PATHS = NO;
				CLANG_ANALYZER_NONNULL = YES;
				CLANG_ANALYZER_NUMBER_OBJECT_CONVERSION = YES_AGGRESSIVE;
				CLANG_CXX_LANGUAGE_STANDARD = "gnu++14";
				CLANG_CXX_LIBRARY = "libc++";
				CLANG_ENABLE_MODULES = YES;
				CLANG_ENABLE_OBJC_ARC = YES;
				CLANG_ENABLE_OBJC_WEAK = YES;
				CLANG_WARN_BLOCK_CAPTURE_AUTORELEASING = YES;
				CLANG_WARN_BOOL_CONVERSION = YES;
				CLANG_WARN_COMMA = YES;
				CLANG_WARN_CONSTANT_CONVERSION = YES;
				CLANG_WARN_DEPRECATED_OBJC_IMPLEMENTATIONS = YES;
				CLANG_WARN_DIRECT_OBJC_ISA_USAGE = YES_ERROR;
				CLANG_WARN_DOCUMENTATION_COMMENTS = YES;
				CLANG_WARN_EMPTY_BODY = YES;
				CLANG_WARN_ENUM_CONVERSION = YES;
				CLANG_WARN_INFINITE_RECURSION = YES;
				CLANG_WARN_INT_CONVERSION = YES;
				CLANG_WARN_NON_LITERAL_NULL_CONVERSION = YES;
				CLANG_WARN_OBJC_IMPLICIT_RETAIN_SELF = YES;
				CLANG_WARN_OBJC_LITERAL_CONVERSION = YES;
				CLANG_WARN_OBJC_ROOT_CLASS = YES_ERROR;
				CLANG_WARN_QUOTED_INCLUDE_IN_FRAMEWORK_HEADER = YES;
				CLANG_WARN_RANGE_LOOP_ANALYSIS = YES;
				CLANG_WARN_STRICT_PROTOTYPES = YES;
				CLANG_WARN_SUSPICIOUS_MOVE = YES;
				CLANG_WARN_UNGUARDED_AVAILABILITY = YES_AGGRESSIVE;
				CLANG_WARN_UNREACHABLE_CODE = YES;
				CLANG_WARN__DUPLICATE_METHOD_MATCH = YES;
				COPY_PHASE_STRIP = NO;
				DEBUG_INFORMATION_FORMAT = dwarf;
				ENABLE_STRICT_OBJC_MSGSEND = YES;
				ENABLE_TESTABILITY = YES;
				GCC_C_LANGUAGE_STANDARD = gnu11;
				GCC_DYNAMIC_NO_PIC = NO;
				GCC_NO_COMMON_BLOCKS = YES;
				GCC_OPTIMIZATION_LEVEL = 0;
				GCC_PREPROCESSOR_DEFINITIONS = (
					"DEBUG=1",
					"$(inherited)",
				);
				GCC_WARN_64_TO_32_BIT_CONVERSION = YES;
				GCC_WARN_ABOUT_RETURN_TYPE = YES_ERROR;
				GCC_WARN_UNDECLARED_SELECTOR = YES;
				GCC_WARN_UNINITIALIZED_AUTOS = YES_AGGRESSIVE;
				GCC_WARN_UNUSED_FUNCTION = YES;
				GCC_WARN_UNUSED_VARIABLE = YES;
				IPHONEOS_DEPLOYMENT_TARGET = 14.1;
				MTL_ENABLE_DEBUG_INFO = INCLUDE_SOURCE;
				MTL_FAST_MATH = YES;
				ONLY_ACTIVE_ARCH = YES;
				SDKROOT = iphoneos;
				SWIFT_ACTIVE_COMPILATION_CONDITIONS = DEBUG;
				SWIFT_OPTIMIZATION_LEVEL = "-Onone";
			};
			name = Debug;
		};
		FE88B706254673440029AC90 /* Release */ = {
			isa = XCBuildConfiguration;
			buildSettings = {
				ALWAYS_SEARCH_USER_PATHS = NO;
				CLANG_ANALYZER_NONNULL = YES;
				CLANG_ANALYZER_NUMBER_OBJECT_CONVERSION = YES_AGGRESSIVE;
				CLANG_CXX_LANGUAGE_STANDARD = "gnu++14";
				CLANG_CXX_LIBRARY = "libc++";
				CLANG_ENABLE_MODULES = YES;
				CLANG_ENABLE_OBJC_ARC = YES;
				CLANG_ENABLE_OBJC_WEAK = YES;
				CLANG_WARN_BLOCK_CAPTURE_AUTORELEASING = YES;
				CLANG_WARN_BOOL_CONVERSION = YES;
				CLANG_WARN_COMMA = YES;
				CLANG_WARN_CONSTANT_CONVERSION = YES;
				CLANG_WARN_DEPRECATED_OBJC_IMPLEMENTATIONS = YES;
				CLANG_WARN_DIRECT_OBJC_ISA_USAGE = YES_ERROR;
				CLANG_WARN_DOCUMENTATION_COMMENTS = YES;
				CLANG_WARN_EMPTY_BODY = YES;
				CLANG_WARN_ENUM_CONVERSION = YES;
				CLANG_WARN_INFINITE_RECURSION = YES;
				CLANG_WARN_INT_CONVERSION = YES;
				CLANG_WARN_NON_LITERAL_NULL_CONVERSION = YES;
				CLANG_WARN_OBJC_IMPLICIT_RETAIN_SELF = YES;
				CLANG_WARN_OBJC_LITERAL_CONVERSION = YES;
				CLANG_WARN_OBJC_ROOT_CLASS = YES_ERROR;
				CLANG_WARN_QUOTED_INCLUDE_IN_FRAMEWORK_HEADER = YES;
				CLANG_WARN_RANGE_LOOP_ANALYSIS = YES;
				CLANG_WARN_STRICT_PROTOTYPES = YES;
				CLANG_WARN_SUSPICIOUS_MOVE = YES;
				CLANG_WARN_UNGUARDED_AVAILABILITY = YES_AGGRESSIVE;
				CLANG_WARN_UNREACHABLE_CODE = YES;
				CLANG_WARN__DUPLICATE_METHOD_MATCH = YES;
				COPY_PHASE_STRIP = NO;
				DEBUG_INFORMATION_FORMAT = "dwarf-with-dsym";
				ENABLE_NS_ASSERTIONS = NO;
				ENABLE_STRICT_OBJC_MSGSEND = YES;
				GCC_C_LANGUAGE_STANDARD = gnu11;
				GCC_NO_COMMON_BLOCKS = YES;
				GCC_WARN_64_TO_32_BIT_CONVERSION = YES;
				GCC_WARN_ABOUT_RETURN_TYPE = YES_ERROR;
				GCC_WARN_UNDECLARED_SELECTOR = YES;
				GCC_WARN_UNINITIALIZED_AUTOS = YES_AGGRESSIVE;
				GCC_WARN_UNUSED_FUNCTION = YES;
				GCC_WARN_UNUSED_VARIABLE = YES;
				IPHONEOS_DEPLOYMENT_TARGET = 14.1;
				MTL_ENABLE_DEBUG_INFO = NO;
				MTL_FAST_MATH = YES;
				SDKROOT = iphoneos;
				SWIFT_COMPILATION_MODE = wholemodule;
				SWIFT_OPTIMIZATION_LEVEL = "-O";
				VALIDATE_PRODUCT = YES;
			};
			name = Release;
		};
		FE88B708254673440029AC90 /* Debug */ = {
			isa = XCBuildConfiguration;
			baseConfigurationReference = 342D9DD1E322BF019627A9FA /* Pods-Login-Firebase-SwiftUI.debug.xcconfig */;
			buildSettings = {
				ASSETCATALOG_COMPILER_APPICON_NAME = AppIcon;
				ASSETCATALOG_COMPILER_GLOBAL_ACCENT_COLOR_NAME = AccentColor;
				CODE_SIGN_STYLE = Automatic;
				DEVELOPMENT_ASSET_PATHS = "\"Login-Firebase-SwiftUI/Preview Content\"";
				DEVELOPMENT_TEAM = NJVB322UA6;
				ENABLE_PREVIEWS = YES;
				INFOPLIST_FILE = "Login-Firebase-SwiftUI/Info.plist";
				LD_RUNPATH_SEARCH_PATHS = (
					"$(inherited)",
					"@executable_path/Frameworks",
				);
				PRODUCT_BUNDLE_IDENTIFIER = "com.prashuk.Login-Firebase-SwiftUI";
				PRODUCT_NAME = "$(TARGET_NAME)";
				SWIFT_VERSION = 5.0;
				TARGETED_DEVICE_FAMILY = "1,2";
			};
			name = Debug;
		};
		FE88B709254673440029AC90 /* Release */ = {
			isa = XCBuildConfiguration;
			baseConfigurationReference = 76D24810813D41E9F192CAEC /* Pods-Login-Firebase-SwiftUI.release.xcconfig */;
			buildSettings = {
				ASSETCATALOG_COMPILER_APPICON_NAME = AppIcon;
				ASSETCATALOG_COMPILER_GLOBAL_ACCENT_COLOR_NAME = AccentColor;
				CODE_SIGN_STYLE = Automatic;
				DEVELOPMENT_ASSET_PATHS = "\"Login-Firebase-SwiftUI/Preview Content\"";
				DEVELOPMENT_TEAM = NJVB322UA6;
				ENABLE_PREVIEWS = YES;
				INFOPLIST_FILE = "Login-Firebase-SwiftUI/Info.plist";
				LD_RUNPATH_SEARCH_PATHS = (
					"$(inherited)",
					"@executable_path/Frameworks",
				);
				PRODUCT_BUNDLE_IDENTIFIER = "com.prashuk.Login-Firebase-SwiftUI";
				PRODUCT_NAME = "$(TARGET_NAME)";
				SWIFT_VERSION = 5.0;
				TARGETED_DEVICE_FAMILY = "1,2";
			};
			name = Release;
		};
/* End XCBuildConfiguration section */

/* Begin XCConfigurationList section */
		FE88B6EE254673420029AC90 /* Build configuration list for PBXProject "Login-Firebase-SwiftUI" */ = {
			isa = XCConfigurationList;
			buildConfigurations = (
				FE88B705254673440029AC90 /* Debug */,
				FE88B706254673440029AC90 /* Release */,
			);
			defaultConfigurationIsVisible = 0;
			defaultConfigurationName = Release;
		};
		FE88B707254673440029AC90 /* Build configuration list for PBXNativeTarget "Login-Firebase-SwiftUI" */ = {
			isa = XCConfigurationList;
			buildConfigurations = (
				FE88B708254673440029AC90 /* Debug */,
				FE88B709254673440029AC90 /* Release */,
			);
			defaultConfigurationIsVisible = 0;
			defaultConfigurationName = Release;
		};
/* End XCConfigurationList section */
	};
	rootObject = FE88B6EB254673420029AC90 /* Project object */;
}
